
Microsoft Visual Studio Solution File, Format Version 12.00
# Visual Studio Version 16
VisualStudioVersion = 16.0.33214.272
MinimumVisualStudioVersion = 10.0.40219.1
Project("{FAE04EC0-301F-11D3-BF4B-00C04F79EFBC}") = "MovieDatabase", "MovieDatabase.csproj", "{0098A56D-CE1B-437A-9300-728321AE010F}"
EndProject
Global
	GlobalSection(SolutionConfigurationPlatforms) = preSolution
		Debug|Any CPU = Debug|Any CPU
		Release|Any CPU = Release|Any CPU
	EndGlobalSection
	GlobalSection(ProjectConfigurationPlatforms) = postSolution
		{0098A56D-CE1B-437A-9300-728321AE010F}.Debug|Any CPU.ActiveCfg = Debug|Any CPU
		{0098A56D-CE1B-437A-9300-728321AE010F}.Debug|Any CPU.Build.0 = Debug|Any CPU
		{0098A56D-CE1B-437A-9300-728321AE010F}.Release|Any CPU.ActiveCfg = Release|Any CPU
		{0098A56D-CE1B-437A-9300-728321AE010F}.Release|Any CPU.Build.0 = Release|Any CPU
	EndGlobalSection
	GlobalSection(SolutionProperties) = preSolution
		HideSolutionNode = FALSE
	EndGlobalSection
	GlobalSection(ExtensibilityGlobals) = postSolution
		SolutionGuid = {37E5B078-5C68-41F8-961C-FDD967FB6BDC}
	EndGlobalSection
EndGlobal
